
Microsoft Visual Studio Solution File, Format Version 12.00
# Visual Studio 15
Project("{FAE04EC0-301F-11D3-BF4B-00C04F79EFBC}") = "MINotes.Android", "MINotes.Android\MINotes.Android.csproj", "{CF2B6870-C79F-4EAA-9560-BB1272640C69}"
EndProject
Project("{FAE04EC0-301F-11D3-BF4B-00C04F79EFBC}") = "MINotes.iOS", "MINotes.iOS\MINotes.iOS.csproj", "{3082EA3B-5FA8-4BB9-B636-BC2DD8416220}"
EndProject
Project("{FAE04EC0-301F-11D3-BF4B-00C04F79EFBC}") = "MINotes", "MINotes\MINotes.csproj", "{55902076-317E-4A7A-8F95-894F37E0071F}"
EndProject
Global
	GlobalSection(SolutionConfigurationPlatforms) = preSolution
		Debug|Any CPU = Debug|Any CPU
		Release|Any CPU = Release|Any CPU
		Debug|iPhoneSimulator = Debug|iPhoneSimulator
		Release|iPhoneSimulator = Release|iPhoneSimulator
		Debug|iPhone = Debug|iPhone
		Release|iPhone = Release|iPhone
	EndGlobalSection
	GlobalSection(ProjectConfigurationPlatforms) = postSolution
		{CF2B6870-C79F-4EAA-9560-BB1272640C69}.Debug|Any CPU.ActiveCfg = Debug|Any CPU
		{CF2B6870-C79F-4EAA-9560-BB1272640C69}.Debug|Any CPU.Build.0 = Debug|Any CPU
		{CF2B6870-C79F-4EAA-9560-BB1272640C69}.Release|Any CPU.ActiveCfg = Release|Any CPU
		{CF2B6870-C79F-4EAA-9560-BB1272640C69}.Release|Any CPU.Build.0 = Release|Any CPU
		{CF2B6870-C79F-4EAA-9560-BB1272640C69}.Debug|iPhoneSimulator.ActiveCfg = Debug|Any CPU
		{CF2B6870-C79F-4EAA-9560-BB1272640C69}.Debug|iPhoneSimulator.Build.0 = Debug|Any CPU
		{CF2B6870-C79F-4EAA-9560-BB1272640C69}.Release|iPhoneSimulator.ActiveCfg = Release|Any CPU
		{CF2B6870-C79F-4EAA-9560-BB1272640C69}.Release|iPhoneSimulator.Build.0 = Release|Any CPU
		{CF2B6870-C79F-4EAA-9560-BB1272640C69}.Debug|iPhone.ActiveCfg = Debug|Any CPU
		{CF2B6870-C79F-4EAA-9560-BB1272640C69}.Debug|iPhone.Build.0 = Debug|Any CPU
		{CF2B6870-C79F-4EAA-9560-BB1272640C69}.Release|iPhone.ActiveCfg = Release|Any CPU
		{CF2B6870-C79F-4EAA-9560-BB1272640C69}.Release|iPhone.Build.0 = Release|Any CPU
		{3082EA3B-5FA8-4BB9-B636-BC2DD8416220}.Debug|Any CPU.ActiveCfg = Debug|iPhoneSimulator
		{3082EA3B-5FA8-4BB9-B636-BC2DD8416220}.Debug|Any CPU.Build.0 = Debug|iPhoneSimulator
		{3082EA3B-5FA8-4BB9-B636-BC2DD8416220}.Release|Any CPU.ActiveCfg = Release|iPhoneSimulator
		{3082EA3B-5FA8-4BB9-B636-BC2DD8416220}.Release|Any CPU.Build.0 = Release|iPhoneSimulator
		{3082EA3B-5FA8-4BB9-B636-BC2DD8416220}.Debug|iPhoneSimulator.ActiveCfg = Debug|iPhoneSimulator
		{3082EA3B-5FA8-4BB9-B636-BC2DD8416220}.Debug|iPhoneSimulator.Build.0 = Debug|iPhoneSimulator
		{3082EA3B-5FA8-4BB9-B636-BC2DD8416220}.Release|iPhoneSimulator.ActiveCfg = Release|iPhoneSimulator
		{3082EA3B-5FA8-4BB9-B636-BC2DD8416220}.Release|iPhoneSimulator.Build.0 = Release|iPhoneSimulator
		{3082EA3B-5FA8-4BB9-B636-BC2DD8416220}.Debug|iPhone.ActiveCfg = Debug|iPhone
		{3082EA3B-5FA8-4BB9-B636-BC2DD8416220}.Debug|iPhone.Build.0 = Debug|iPhone
		{3082EA3B-5FA8-4BB9-B636-BC2DD8416220}.Release|iPhone.ActiveCfg = Release|iPhone
		{3082EA3B-5FA8-4BB9-B636-BC2DD8416220}.Release|iPhone.Build.0 = Release|iPhone
		{55902076-317E-4A7A-8F95-894F37E0071F}.Debug|Any CPU.ActiveCfg = Debug|Any CPU
		{55902076-317E-4A7A-8F95-894F37E0071F}.Debug|Any CPU.Build.0 = Debug|Any CPU
		{55902076-317E-4A7A-8F95-894F37E0071F}.Release|Any CPU.ActiveCfg = Release|Any CPU
		{55902076-317E-4A7A-8F95-894F37E0071F}.Release|Any CPU.Build.0 = Release|Any CPU
		{55902076-317E-4A7A-8F95-894F37E0071F}.Debug|iPhoneSimulator.ActiveCfg = Debug|Any CPU
		{55902076-317E-4A7A-8F95-894F37E0071F}.Debug|iPhoneSimulator.Build.0 = Debug|Any CPU
		{55902076-317E-4A7A-8F95-894F37E0071F}.Release|iPhoneSimulator.ActiveCfg = Release|Any CPU
		{55902076-317E-4A7A-8F95-894F37E0071F}.Release|iPhoneSimulator.Build.0 = Release|Any CPU
		{55902076-317E-4A7A-8F95-894F37E0071F}.Debug|iPhone.ActiveCfg = Debug|Any CPU
		{55902076-317E-4A7A-8F95-894F37E0071F}.Debug|iPhone.Build.0 = Debug|Any CPU
		{55902076-317E-4A7A-8F95-894F37E0071F}.Release|iPhone.ActiveCfg = Release|Any CPU
		{55902076-317E-4A7A-8F95-894F37E0071F}.Release|iPhone.Build.0 = Release|Any CPU
	EndGlobalSection
EndGlobal
